
Microsoft Visual Studio Solution File, Format Version 12.00
# Visual Studio Version 17
VisualStudioVersion = 17.0.31912.275
MinimumVisualStudioVersion = 10.0.40219.1
Project("{FAE04EC0-301F-11D3-BF4B-00C04F79EFBC}") = "CC_Exceptions_Lesson13", "CC_Exceptions_Lesson13\CC_Exceptions_Lesson13.csproj", "{DA457F76-4B3D-4AFE-81A9-F49416907AD2}"
EndProject
Global
	GlobalSection(SolutionConfigurationPlatforms) = preSolution
		Debug|Any CPU = Debug|Any CPU
		Release|Any CPU = Release|Any CPU
	EndGlobalSection
	GlobalSection(ProjectConfigurationPlatforms) = postSolution
		{DA457F76-4B3D-4AFE-81A9-F49416907AD2}.Debug|Any CPU.ActiveCfg = Debug|Any CPU
		{DA457F76-4B3D-4AFE-81A9-F49416907AD2}.Debug|Any CPU.Build.0 = Debug|Any CPU
		{DA457F76-4B3D-4AFE-81A9-F49416907AD2}.Release|Any CPU.ActiveCfg = Release|Any CPU
		{DA457F76-4B3D-4AFE-81A9-F49416907AD2}.Release|Any CPU.Build.0 = Release|Any CPU
	EndGlobalSection
	GlobalSection(SolutionProperties) = preSolution
		HideSolutionNode = FALSE
	EndGlobalSection
	GlobalSection(ExtensibilityGlobals) = postSolution
		SolutionGuid = {CC79550F-7FFA-4076-86B0-E6102CC0F759}
	EndGlobalSection
EndGlobal
